
Microsoft Visual Studio Solution File, Format Version 12.00
# Visual Studio Version 17
VisualStudioVersion = 17.4.33213.308
MinimumVisualStudioVersion = 10.0.40219.1
Project("{C9674DCB-5085-4A16-B785-4C70DD1589BD}") = "2182303_Kramse", "2182303_Kramse\2182303_Kramse.dtproj", "{07EE2046-426C-4630-9DF6-33EAFBFC96BF}"
EndProject
Global
	GlobalSection(SolutionConfigurationPlatforms) = preSolution
		Development|Default = Development|Default
	EndGlobalSection
	GlobalSection(ProjectConfigurationPlatforms) = postSolution
		{07EE2046-426C-4630-9DF6-33EAFBFC96BF}.Development|Default.ActiveCfg = Development
		{07EE2046-426C-4630-9DF6-33EAFBFC96BF}.Development|Default.Build.0 = Development
	EndGlobalSection
	GlobalSection(SolutionProperties) = preSolution
		HideSolutionNode = FALSE
	EndGlobalSection
	GlobalSection(ExtensibilityGlobals) = postSolution
		SolutionGuid = {8FBBCF7B-D5F4-4C3B-9D6B-6B6C034A63DF}
	EndGlobalSection
EndGlobal
